
Microsoft Visual Studio Solution File, Format Version 12.00
# Visual Studio 15
VisualStudioVersion = 15.0.28307.421
MinimumVisualStudioVersion = 10.0.40219.1
Project("{8BC9CEB8-8B4A-11D0-8D11-00A0C91BC942}") = "DriverCommunication", "DriverCommunication\DriverCommunication.vcxproj", "{42EEF494-1888-4AF1-BF92-1F3B7DAC969F}"
EndProject
Global
	GlobalSection(SolutionConfigurationPlatforms) = preSolution
		Debug|ARM = Debug|ARM
		Debug|ARM64 = Debug|ARM64
		Debug|x64 = Debug|x64
		Debug|x86 = Debug|x86
		Release|ARM = Release|ARM
		Release|ARM64 = Release|ARM64
		Release|x64 = Release|x64
		Release|x86 = Release|x86
	EndGlobalSection
	GlobalSection(ProjectConfigurationPlatforms) = postSolution
		{42EEF494-1888-4AF1-BF92-1F3B7DAC969F}.Debug|ARM.ActiveCfg = Debug|ARM
		{42EEF494-1888-4AF1-BF92-1F3B7DAC969F}.Debug|ARM.Build.0 = Debug|ARM
		{42EEF494-1888-4AF1-BF92-1F3B7DAC969F}.Debug|ARM.Deploy.0 = Debug|ARM
		{42EEF494-1888-4AF1-BF92-1F3B7DAC969F}.Debug|ARM64.ActiveCfg = Debug|ARM64
		{42EEF494-1888-4AF1-BF92-1F3B7DAC969F}.Debug|ARM64.Build.0 = Debug|ARM64
		{42EEF494-1888-4AF1-BF92-1F3B7DAC969F}.Debug|ARM64.Deploy.0 = Debug|ARM64
		{42EEF494-1888-4AF1-BF92-1F3B7DAC969F}.Debug|x64.ActiveCfg = Debug|x64
		{42EEF494-1888-4AF1-BF92-1F3B7DAC969F}.Debug|x64.Build.0 = Debug|x64
		{42EEF494-1888-4AF1-BF92-1F3B7DAC969F}.Debug|x64.Deploy.0 = Debug|x64
		{42EEF494-1888-4AF1-BF92-1F3B7DAC969F}.Debug|x86.ActiveCfg = Debug|Win32
		{42EEF494-1888-4AF1-BF92-1F3B7DAC969F}.Debug|x86.Build.0 = Debug|Win32
		{42EEF494-1888-4AF1-BF92-1F3B7DAC969F}.Debug|x86.Deploy.0 = Debug|Win32
		{42EEF494-1888-4AF1-BF92-1F3B7DAC969F}.Release|ARM.ActiveCfg = Release|ARM
		{42EEF494-1888-4AF1-BF92-1F3B7DAC969F}.Release|ARM.Build.0 = Release|ARM
		{42EEF494-1888-4AF1-BF92-1F3B7DAC969F}.Release|ARM.Deploy.0 = Release|ARM
		{42EEF494-1888-4AF1-BF92-1F3B7DAC969F}.Release|ARM64.ActiveCfg = Release|ARM64
		{42EEF494-1888-4AF1-BF92-1F3B7DAC969F}.Release|ARM64.Build.0 = Release|ARM64
		{42EEF494-1888-4AF1-BF92-1F3B7DAC969F}.Release|ARM64.Deploy.0 = Release|ARM64
		{42EEF494-1888-4AF1-BF92-1F3B7DAC969F}.Release|x64.ActiveCfg = Release|x64
		{42EEF494-1888-4AF1-BF92-1F3B7DAC969F}.Release|x64.Build.0 = Release|x64
		{42EEF494-1888-4AF1-BF92-1F3B7DAC969F}.Release|x64.Deploy.0 = Release|x64
		{42EEF494-1888-4AF1-BF92-1F3B7DAC969F}.Release|x86.ActiveCfg = Release|Win32
		{42EEF494-1888-4AF1-BF92-1F3B7DAC969F}.Release|x86.Build.0 = Release|Win32
		{42EEF494-1888-4AF1-BF92-1F3B7DAC969F}.Release|x86.Deploy.0 = Release|Win32
	EndGlobalSection
	GlobalSection(SolutionProperties) = preSolution
		HideSolutionNode = FALSE
	EndGlobalSection
	GlobalSection(ExtensibilityGlobals) = postSolution
		SolutionGuid = {A86A462D-68B9-4E0C-B546-C96341BA9885}
	EndGlobalSection
EndGlobal
