
Microsoft Visual Studio Solution File, Format Version 12.00
# Visual Studio 15
VisualStudioVersion = 15.0.28307.421
MinimumVisualStudioVersion = 10.0.40219.1
Project("{8BC9CEB8-8B4A-11D0-8D11-00A0C91BC942}") = "DriverHookIRP_TCP", "DriverHookIRP_TCP\DriverHookIRP_TCP.vcxproj", "{44561AA2-5FAC-475E-A2D2-B4BB80A24260}"
EndProject
Global
	GlobalSection(SolutionConfigurationPlatforms) = preSolution
		Debug|ARM = Debug|ARM
		Debug|ARM64 = Debug|ARM64
		Debug|x64 = Debug|x64
		Debug|x86 = Debug|x86
		Release|ARM = Release|ARM
		Release|ARM64 = Release|ARM64
		Release|x64 = Release|x64
		Release|x86 = Release|x86
	EndGlobalSection
	GlobalSection(ProjectConfigurationPlatforms) = postSolution
		{44561AA2-5FAC-475E-A2D2-B4BB80A24260}.Debug|ARM.ActiveCfg = Debug|ARM
		{44561AA2-5FAC-475E-A2D2-B4BB80A24260}.Debug|ARM.Build.0 = Debug|ARM
		{44561AA2-5FAC-475E-A2D2-B4BB80A24260}.Debug|ARM.Deploy.0 = Debug|ARM
		{44561AA2-5FAC-475E-A2D2-B4BB80A24260}.Debug|ARM64.ActiveCfg = Debug|ARM64
		{44561AA2-5FAC-475E-A2D2-B4BB80A24260}.Debug|ARM64.Build.0 = Debug|ARM64
		{44561AA2-5FAC-475E-A2D2-B4BB80A24260}.Debug|ARM64.Deploy.0 = Debug|ARM64
		{44561AA2-5FAC-475E-A2D2-B4BB80A24260}.Debug|x64.ActiveCfg = Debug|x64
		{44561AA2-5FAC-475E-A2D2-B4BB80A24260}.Debug|x64.Build.0 = Debug|x64
		{44561AA2-5FAC-475E-A2D2-B4BB80A24260}.Debug|x64.Deploy.0 = Debug|x64
		{44561AA2-5FAC-475E-A2D2-B4BB80A24260}.Debug|x86.ActiveCfg = Debug|Win32
		{44561AA2-5FAC-475E-A2D2-B4BB80A24260}.Debug|x86.Build.0 = Debug|Win32
		{44561AA2-5FAC-475E-A2D2-B4BB80A24260}.Debug|x86.Deploy.0 = Debug|Win32
		{44561AA2-5FAC-475E-A2D2-B4BB80A24260}.Release|ARM.ActiveCfg = Release|ARM
		{44561AA2-5FAC-475E-A2D2-B4BB80A24260}.Release|ARM.Build.0 = Release|ARM
		{44561AA2-5FAC-475E-A2D2-B4BB80A24260}.Release|ARM.Deploy.0 = Release|ARM
		{44561AA2-5FAC-475E-A2D2-B4BB80A24260}.Release|ARM64.ActiveCfg = Release|ARM64
		{44561AA2-5FAC-475E-A2D2-B4BB80A24260}.Release|ARM64.Build.0 = Release|ARM64
		{44561AA2-5FAC-475E-A2D2-B4BB80A24260}.Release|ARM64.Deploy.0 = Release|ARM64
		{44561AA2-5FAC-475E-A2D2-B4BB80A24260}.Release|x64.ActiveCfg = Release|x64
		{44561AA2-5FAC-475E-A2D2-B4BB80A24260}.Release|x64.Build.0 = Release|x64
		{44561AA2-5FAC-475E-A2D2-B4BB80A24260}.Release|x64.Deploy.0 = Release|x64
		{44561AA2-5FAC-475E-A2D2-B4BB80A24260}.Release|x86.ActiveCfg = Release|Win32
		{44561AA2-5FAC-475E-A2D2-B4BB80A24260}.Release|x86.Build.0 = Release|Win32
		{44561AA2-5FAC-475E-A2D2-B4BB80A24260}.Release|x86.Deploy.0 = Release|Win32
	EndGlobalSection
	GlobalSection(SolutionProperties) = preSolution
		HideSolutionNode = FALSE
	EndGlobalSection
	GlobalSection(ExtensibilityGlobals) = postSolution
		SolutionGuid = {F7050607-C765-47B4-85ED-D39577CF32D6}
	EndGlobalSection
EndGlobal
